// !$*UTF8*$!
{
	archiveVersion = 1;
	classes = {
	};
	objectVersion = 50;
	objects = {

/* Begin PBXBuildFile section */
		052BF99A24BA52390055E038 /* TextFieldTableViewCell.swift in Sources */ = {isa = PBXBuildFile; fileRef = 052BF99924BA52390055E038 /* TextFieldTableViewCell.swift */; };
		05F2F02924707AEA00FCC440 /* AppDelegate.swift in Sources */ = {isa = PBXBuildFile; fileRef = 05F2F02824707AEA00FCC440 /* AppDelegate.swift */; };
		05F2F02B24707AEA00FCC440 /* SceneDelegate.swift in Sources */ = {isa = PBXBuildFile; fileRef = 05F2F02A24707AEA00FCC440 /* SceneDelegate.swift */; };
		05F2F02D24707AEA00FCC440 /* ViewController.swift in Sources */ = {isa = PBXBuildFile; fileRef = 05F2F02C24707AEA00FCC440 /* ViewController.swift */; };
		05F2F03024707AEA00FCC440 /* Main.storyboard in Resources */ = {isa = PBXBuildFile; fileRef = 05F2F02E24707AEA00FCC440 /* Main.storyboard */; };
		05F2F03224707AEE00FCC440 /* Assets.xcassets in Resources */ = {isa = PBXBuildFile; fileRef = 05F2F03124707AEE00FCC440 /* Assets.xcassets */; };
		05F2F03524707AEE00FCC440 /* LaunchScreen.storyboard in Resources */ = {isa = PBXBuildFile; fileRef = 05F2F03324707AEE00FCC440 /* LaunchScreen.storyboard */; };
		05F2F04024707AEE00FCC440 /* SwipeActionTests.swift in Sources */ = {isa = PBXBuildFile; fileRef = 05F2F03F24707AEE00FCC440 /* SwipeActionTests.swift */; };
		05F2F04B24707AEE00FCC440 /* SwipeActionUITests.swift in Sources */ = {isa = PBXBuildFile; fileRef = 05F2F04A24707AEE00FCC440 /* SwipeActionUITests.swift */; };
/* End PBXBuildFile section */

/* Begin PBXContainerItemProxy section */
		05F2F03C24707AEE00FCC440 /* PBXContainerItemProxy */ = {
			isa = PBXContainerItemProxy;
			containerPortal = 05F2F01D24707AEA00FCC440 /* Project object */;
			proxyType = 1;
			remoteGlobalIDString = 05F2F02424707AEA00FCC440;
			remoteInfo = SwipeAction;
		};
		05F2F04724707AEE00FCC440 /* PBXContainerItemProxy */ = {
			isa = PBXContainerItemProxy;
			containerPortal = 05F2F01D24707AEA00FCC440 /* Project object */;
			proxyType = 1;
			remoteGlobalIDString = 05F2F02424707AEA00FCC440;
			remoteInfo = SwipeAction;
		};
/* End PBXContainerItemProxy section */

/* Begin PBXFileReference section */
		052BF99924BA52390055E038 /* TextFieldTableViewCell.swift */ = {isa = PBXFileReference; lastKnownFileType = sourcecode.swift; path = TextFieldTableViewCell.swift; sourceTree = "<group>"; };
		05F2F02524707AEA00FCC440 /* SwipeAction.app */ = {isa = PBXFileReference; explicitFileType = wrapper.application; includeInIndex = 0; path = SwipeAction.app; sourceTree = BUILT_PRODUCTS_DIR; };
		05F2F02824707AEA00FCC440 /* AppDelegate.swift */ = {isa = PBXFileReference; lastKnownFileType = sourcecode.swift; path = AppDelegate.swift; sourceTree = "<group>"; };
		05F2F02A24707AEA00FCC440 /* SceneDelegate.swift */ = {isa = PBXFileReference; lastKnownFileType = sourcecode.swift; path = SceneDelegate.swift; sourceTree = "<group>"; };
		05F2F02C24707AEA00FCC440 /* ViewController.swift */ = {isa = PBXFileReference; lastKnownFileType = sourcecode.swift; path = ViewController.swift; sourceTree = "<group>"; };
		05F2F02F24707AEA00FCC440 /* Base */ = {isa = PBXFileReference; lastKnownFileType = file.storyboard; name = Base; path = Base.lproj/Main.storyboard; sourceTree = "<group>"; };
		05F2F03124707AEE00FCC440 /* Assets.xcassets */ = {isa = PBXFileReference; lastKnownFileType = folder.assetcatalog; path = Assets.xcassets; sourceTree = "<group>"; };
		05F2F03424707AEE00FCC440 /* Base */ = {isa = PBXFileReference; lastKnownFileType = file.storyboard; name = Base; path = Base.lproj/LaunchScreen.storyboard; sourceTree = "<group>"; };
		05F2F03624707AEE00FCC440 /* Info.plist */ = {isa = PBXFileReference; lastKnownFileType = text.plist.xml; path = Info.plist; sourceTree = "<group>"; };
		05F2F03B24707AEE00FCC440 /* SwipeActionTests.xctest */ = {isa = PBXFileReference; explicitFileType = wrapper.cfbundle; includeInIndex = 0; path = SwipeActionTests.xctest; sourceTree = BUILT_PRODUCTS_DIR; };
		05F2F03F24707AEE00FCC440 /* SwipeActionTests.swift */ = {isa = PBXFileReference; lastKnownFileType = sourcecode.swift; path = SwipeActionTests.swift; sourceTree = "<group>"; };
		05F2F04124707AEE00FCC440 /* Info.plist */ = {isa = PBXFileReference; lastKnownFileType = text.plist.xml; path = Info.plist; sourceTree = "<group>"; };
		05F2F04624707AEE00FCC440 /* SwipeActionUITests.xctest */ = {isa = PBXFileReference; explicitFileType = wrapper.cfbundle; includeInIndex = 0; path = SwipeActionUITests.xctest; sourceTree = BUILT_PRODUCTS_DIR; };
		05F2F04A24707AEE00FCC440 /* SwipeActionUITests.swift */ = {isa = PBXFileReference; lastKnownFileType = sourcecode.swift; path = SwipeActionUITests.swift; sourceTree = "<group>"; };
		05F2F04C24707AEE00FCC440 /* Info.plist */ = {isa = PBXFileReference; lastKnownFileType = text.plist.xml; path = Info.plist; sourceTree = "<group>"; };
/* End PBXFileReference section */

/* Begin PBXFrameworksBuildPhase section */
		05F2F02224707AEA00FCC440 /* Frameworks */ = {
			isa = PBXFrameworksBuildPhase;
			buildActionMask = 2147483647;
			files = (
			);
			runOnlyForDeploymentPostprocessing = 0;
		};
		05F2F03824707AEE00FCC440 /* Frameworks */ = {
			isa = PBXFrameworksBuildPhase;
			buildActionMask = 2147483647;
			files = (
			);
			runOnlyForDeploymentPostprocessing = 0;
		};
		05F2F04324707AEE00FCC440 /* Frameworks */ = {
			isa = PBXFrameworksBuildPhase;
			buildActionMask = 2147483647;
			files = (
			);
			runOnlyForDeploymentPostprocessing = 0;
		};
/* End PBXFrameworksBuildPhase section */

/* Begin PBXGroup section */
		05F2F01C24707AEA00FCC440 = {
			isa = PBXGroup;
			children = (
				05F2F02724707AEA00FCC440 /* SwipeAction */,
				05F2F03E24707AEE00FCC440 /* SwipeActionTests */,
				05F2F04924707AEE00FCC440 /* SwipeActionUITests */,
				05F2F02624707AEA00FCC440 /* Products */,
			);
			sourceTree = "<group>";
		};
		05F2F02624707AEA00FCC440 /* Products */ = {
			isa = PBXGroup;
			children = (
				05F2F02524707AEA00FCC440 /* SwipeAction.app */,
				05F2F03B24707AEE00FCC440 /* SwipeActionTests.xctest */,
				05F2F04624707AEE00FCC440 /* SwipeActionUITests.xctest */,
			);
			name = Products;
			sourceTree = "<group>";
		};
		05F2F02724707AEA00FCC440 /* SwipeAction */ = {
			isa = PBXGroup;
			children = (
				05F2F02824707AEA00FCC440 /* AppDelegate.swift */,
				05F2F02A24707AEA00FCC440 /* SceneDelegate.swift */,
				05F2F02C24707AEA00FCC440 /* ViewController.swift */,
				05F2F02E24707AEA00FCC440 /* Main.storyboard */,
				05F2F03124707AEE00FCC440 /* Assets.xcassets */,
				05F2F03324707AEE00FCC440 /* LaunchScreen.storyboard */,
				05F2F03624707AEE00FCC440 /* Info.plist */,
				052BF99924BA52390055E038 /* TextFieldTableViewCell.swift */,
			);
			path = SwipeAction;
			sourceTree = "<group>";
		};
		05F2F03E24707AEE00FCC440 /* SwipeActionTests */ = {
			isa = PBXGroup;
			children = (
				05F2F03F24707AEE00FCC440 /* SwipeActionTests.swift */,
				05F2F04124707AEE00FCC440 /* Info.plist */,
			);
			path = SwipeActionTests;
			sourceTree = "<group>";
		};
		05F2F04924707AEE00FCC440 /* SwipeActionUITests */ = {
			isa = PBXGroup;
			children = (
				05F2F04A24707AEE00FCC440 /* SwipeActionUITests.swift */,
				05F2F04C24707AEE00FCC440 /* Info.plist */,
			);
			path = SwipeActionUITests;
			sourceTree = "<group>";
		};
/* End PBXGroup section */

/* Begin PBXNativeTarget section */
		05F2F02424707AEA00FCC440 /* SwipeAction */ = {
			isa = PBXNativeTarget;
			buildConfigurationList = 05F2F04F24707AEE00FCC440 /* Build configuration list for PBXNativeTarget "SwipeAction" */;
			buildPhases = (
				05F2F02124707AEA00FCC440 /* Sources */,
				05F2F02224707AEA00FCC440 /* Frameworks */,
				05F2F02324707AEA00FCC440 /* Resources */,
			);
			buildRules = (
			);
			dependencies = (
			);
			name = SwipeAction;
			productName = SwipeAction;
			productReference = 05F2F02524707AEA00FCC440 /* SwipeAction.app */;
			productType = "com.apple.product-type.application";
		};
		05F2F03A24707AEE00FCC440 /* SwipeActionTests */ = {
			isa = PBXNativeTarget;
			buildConfigurationList = 05F2F05224707AEE00FCC440 /* Build configuration list for PBXNativeTarget "SwipeActionTests" */;
			buildPhases = (
				05F2F03724707AEE00FCC440 /* Sources */,
				05F2F03824707AEE00FCC440 /* Frameworks */,
				05F2F03924707AEE00FCC440 /* Resources */,
			);
			buildRules = (
			);
			dependencies = (
				05F2F03D24707AEE00FCC440 /* PBXTargetDependency */,
			);
			name = SwipeActionTests;
			productName = SwipeActionTests;
			productReference = 05F2F03B24707AEE00FCC440 /* SwipeActionTests.xctest */;
			productType = "com.apple.product-type.bundle.unit-test";
		};
		05F2F04524707AEE00FCC440 /* SwipeActionUITests */ = {
			isa = PBXNativeTarget;
			buildConfigurationList = 05F2F05524707AEE00FCC440 /* Build configuration list for PBXNativeTarget "SwipeActionUITests" */;
			buildPhases = (
				05F2F04224707AEE00FCC440 /* Sources */,
				05F2F04324707AEE00FCC440 /* Frameworks */,
				05F2F04424707AEE00FCC440 /* Resources */,
			);
			buildRules = (
			);
			dependencies = (
				05F2F04824707AEE00FCC440 /* PBXTargetDependency */,
			);
			name = SwipeActionUITests;
			productName = SwipeActionUITests;
			productReference = 05F2F04624707AEE00FCC440 /* SwipeActionUITests.xctest */;
			productType = "com.apple.product-type.bundle.ui-testing";
		};
/* End PBXNativeTarget section */

/* Begin PBXProject section */
		05F2F01D24707AEA00FCC440 /* Project object */ = {
			isa = PBXProject;
			attributes = {
				LastSwiftUpdateCheck = 1140;
				LastUpgradeCheck = 1140;
				ORGANIZATIONNAME = "Eugene Berezin";
				TargetAttributes = {
					05F2F02424707AEA00FCC440 = {
						CreatedOnToolsVersion = 11.4.1;
					};
					05F2F03A24707AEE00FCC440 = {
						CreatedOnToolsVersion = 11.4.1;
						TestTargetID = 05F2F02424707AEA00FCC440;
					};
					05F2F04524707AEE00FCC440 = {
						CreatedOnToolsVersion = 11.4.1;
						TestTargetID = 05F2F02424707AEA00FCC440;
					};
				};
			};
			buildConfigurationList = 05F2F02024707AEA00FCC440 /* Build configuration list for PBXProject "SwipeAction" */;
			compatibilityVersion = "Xcode 9.3";
			developmentRegion = en;
			hasScannedForEncodings = 0;
			knownRegions = (
				en,
				Base,
			);
			mainGroup = 05F2F01C24707AEA00FCC440;
			productRefGroup = 05F2F02624707AEA00FCC440 /* Products */;
			projectDirPath = "";
			projectRoot = "";
			targets = (
				05F2F02424707AEA00FCC440 /* SwipeAction */,
				05F2F03A24707AEE00FCC440 /* SwipeActionTests */,
				05F2F04524707AEE00FCC440 /* SwipeActionUITests */,
			);
		};
/* End PBXProject section */

/* Begin PBXResourcesBuildPhase section */
		05F2F02324707AEA00FCC440 /* Resources */ = {
			isa = PBXResourcesBuildPhase;
			buildActionMask = 2147483647;
			files = (
				05F2F03524707AEE00FCC440 /* LaunchScreen.storyboard in Resources */,
				05F2F03224707AEE00FCC440 /* Assets.xcassets in Resources */,
				05F2F03024707AEA00FCC440 /* Main.storyboard in Resources */,
			);
			runOnlyForDeploymentPostprocessing = 0;
		};
		05F2F03924707AEE00FCC440 /* Resources */ = {
			isa = PBXResourcesBuildPhase;
			buildActionMask = 2147483647;
			files = (
			);
			runOnlyForDeploymentPostprocessing = 0;
		};
		05F2F04424707AEE00FCC440 /* Resources */ = {
			isa = PBXResourcesBuildPhase;
			buildActionMask = 2147483647;
			files = (
			);
			runOnlyForDeploymentPostprocessing = 0;
		};
/* End PBXResourcesBuildPhase section */

/* Begin PBXSourcesBuildPhase section */
		05F2F02124707AEA00FCC440 /* Sources */ = {
			isa = PBXSourcesBuildPhase;
			buildActionMask = 2147483647;
			files = (
				05F2F02D24707AEA00FCC440 /* ViewController.swift in Sources */,
				05F2F02924707AEA00FCC440 /* AppDelegate.swift in Sources */,
				05F2F02B24707AEA00FCC440 /* SceneDelegate.swift in Sources */,
				052BF99A24BA52390055E038 /* TextFieldTableViewCell.swift in Sources */,
			);
			runOnlyForDeploymentPostprocessing = 0;
		};
		05F2F03724707AEE00FCC440 /* Sources */ = {
			isa = PBXSourcesBuildPhase;
			buildActionMask = 2147483647;
			files = (
				05F2F04024707AEE00FCC440 /* SwipeActionTests.swift in Sources */,
			);
			runOnlyForDeploymentPostprocessing = 0;
		};
		05F2F04224707AEE00FCC440 /* Sources */ = {
			isa = PBXSourcesBuildPhase;
			buildActionMask = 2147483647;
			files = (
				05F2F04B24707AEE00FCC440 /* SwipeActionUITests.swift in Sources */,
			);
			runOnlyForDeploymentPostprocessing = 0;
		};
/* End PBXSourcesBuildPhase section */

/* Begin PBXTargetDependency section */
		05F2F03D24707AEE00FCC440 /* PBXTargetDependency */ = {
			isa = PBXTargetDependency;
			target = 05F2F02424707AEA00FCC440 /* SwipeAction */;
			targetProxy = 05F2F03C24707AEE00FCC440 /* PBXContainerItemProxy */;
		};
		05F2F04824707AEE00FCC440 /* PBXTargetDependency */ = {
			isa = PBXTargetDependency;
			target = 05F2F02424707AEA00FCC440 /* SwipeAction */;
			targetProxy = 05F2F04724707AEE00FCC440 /* PBXContainerItemProxy */;
		};
/* End PBXTargetDependency section */

/* Begin PBXVariantGroup section */
		05F2F02E24707AEA00FCC440 /* Main.storyboard */ = {
			isa = PBXVariantGroup;
			children = (
				05F2F02F24707AEA00FCC440 /* Base */,
			);
			name = Main.storyboard;
			sourceTree = "<group>";
		};
		05F2F03324707AEE00FCC440 /* LaunchScreen.storyboard */ = {
			isa = PBXVariantGroup;
			children = (
				05F2F03424707AEE00FCC440 /* Base */,
			);
			name = LaunchScreen.storyboard;
			sourceTree = "<group>";
		};
/* End PBXVariantGroup section */

/* Begin XCBuildConfiguration section */
		05F2F04D24707AEE00FCC440 /* Debug */ = {
			isa = XCBuildConfiguration;
			buildSettings = {
				ALWAYS_SEARCH_USER_PATHS = NO;
				CLANG_ANALYZER_NONNULL = YES;
				CLANG_ANALYZER_NUMBER_OBJECT_CONVERSION = YES_AGGRESSIVE;
				CLANG_CXX_LANGUAGE_STANDARD = "gnu++14";
				CLANG_CXX_LIBRARY = "libc++";
				CLANG_ENABLE_MODULES = YES;
				CLANG_ENABLE_OBJC_ARC = YES;
				CLANG_ENABLE_OBJC_WEAK = YES;
				CLANG_WARN_BLOCK_CAPTURE_AUTORELEASING = YES;
				CLANG_WARN_BOOL_CONVERSION = YES;
				CLANG_WARN_COMMA = YES;
				CLANG_WARN_CONSTANT_CONVERSION = YES;
				CLANG_WARN_DEPRECATED_OBJC_IMPLEMENTATIONS = YES;
				CLANG_WARN_DIRECT_OBJC_ISA_USAGE = YES_ERROR;
				CLANG_WARN_DOCUMENTATION_COMMENTS = YES;
				CLANG_WARN_EMPTY_BODY = YES;
				CLANG_WARN_ENUM_CONVERSION = YES;
				CLANG_WARN_INFINITE_RECURSION = YES;
				CLANG_WARN_INT_CONVERSION = YES;
				CLANG_WARN_NON_LITERAL_NULL_CONVERSION = YES;
				CLANG_WARN_OBJC_IMPLICIT_RETAIN_SELF = YES;
				CLANG_WARN_OBJC_LITERAL_CONVERSION = YES;
				CLANG_WARN_OBJC_ROOT_CLASS = YES_ERROR;
				CLANG_WARN_RANGE_LOOP_ANALYSIS = YES;
				CLANG_WARN_STRICT_PROTOTYPES = YES;
				CLANG_WARN_SUSPICIOUS_MOVE = YES;
				CLANG_WARN_UNGUARDED_AVAILABILITY = YES_AGGRESSIVE;
				CLANG_WARN_UNREACHABLE_CODE = YES;
				CLANG_WARN__DUPLICATE_METHOD_MATCH = YES;
				COPY_PHASE_STRIP = NO;
				DEBUG_INFORMATION_FORMAT = dwarf;
				ENABLE_STRICT_OBJC_MSGSEND = YES;
				ENABLE_TESTABILITY = YES;
				GCC_C_LANGUAGE_STANDARD = gnu11;
				GCC_DYNAMIC_NO_PIC = NO;
				GCC_NO_COMMON_BLOCKS = YES;
				GCC_OPTIMIZATION_LEVEL = 0;
				GCC_PREPROCESSOR_DEFINITIONS = (
					"DEBUG=1",
					"$(inherited)",
				);
				GCC_WARN_64_TO_32_BIT_CONVERSION = YES;
				GCC_WARN_ABOUT_RETURN_TYPE = YES_ERROR;
				GCC_WARN_UNDECLARED_SELECTOR = YES;
				GCC_WARN_UNINITIALIZED_AUTOS = YES_AGGRESSIVE;
				GCC_WARN_UNUSED_FUNCTION = YES;
				GCC_WARN_UNUSED_VARIABLE = YES;
				IPHONEOS_DEPLOYMENT_TARGET = 13.4;
				MTL_ENABLE_DEBUG_INFO = INCLUDE_SOURCE;
				MTL_FAST_MATH = YES;
				ONLY_ACTIVE_ARCH = YES;
				SDKROOT = iphoneos;
				SWIFT_ACTIVE_COMPILATION_CONDITIONS = DEBUG;
				SWIFT_OPTIMIZATION_LEVEL = "-Onone";
			};
			name = Debug;
		};
		05F2F04E24707AEE00FCC440 /* Release */ = {
			isa = XCBuildConfiguration;
			buildSettings = {
				ALWAYS_SEARCH_USER_PATHS = NO;
				CLANG_ANALYZER_NONNULL = YES;
				CLANG_ANALYZER_NUMBER_OBJECT_CONVERSION = YES_AGGRESSIVE;
				CLANG_CXX_LANGUAGE_STANDARD = "gnu++14";
				CLANG_CXX_LIBRARY = "libc++";
				CLANG_ENABLE_MODULES = YES;
				CLANG_ENABLE_OBJC_ARC = YES;
				CLANG_ENABLE_OBJC_WEAK = YES;
				CLANG_WARN_BLOCK_CAPTURE_AUTORELEASING = YES;
				CLANG_WARN_BOOL_CONVERSION = YES;
				CLANG_WARN_COMMA = YES;
				CLANG_WARN_CONSTANT_CONVERSION = YES;
				CLANG_WARN_DEPRECATED_OBJC_IMPLEMENTATIONS = YES;
				CLANG_WARN_DIRECT_OBJC_ISA_USAGE = YES_ERROR;
				CLANG_WARN_DOCUMENTATION_COMMENTS = YES;
				CLANG_WARN_EMPTY_BODY = YES;
				CLANG_WARN_ENUM_CONVERSION = YES;
				CLANG_WARN_INFINITE_RECURSION = YES;
				CLANG_WARN_INT_CONVERSION = YES;
				CLANG_WARN_NON_LITERAL_NULL_CONVERSION = YES;
				CLANG_WARN_OBJC_IMPLICIT_RETAIN_SELF = YES;
				CLANG_WARN_OBJC_LITERAL_CONVERSION = YES;
				CLANG_WARN_OBJC_ROOT_CLASS = YES_ERROR;
				CLANG_WARN_RANGE_LOOP_ANALYSIS = YES;
				CLANG_WARN_STRICT_PROTOTYPES = YES;
				CLANG_WARN_SUSPICIOUS_MOVE = YES;
				CLANG_WARN_UNGUARDED_AVAILABILITY = YES_AGGRESSIVE;
				CLANG_WARN_UNREACHABLE_CODE = YES;
				CLANG_WARN__DUPLICATE_METHOD_MATCH = YES;
				COPY_PHASE_STRIP = NO;
				DEBUG_INFORMATION_FORMAT = "dwarf-with-dsym";
				ENABLE_NS_ASSERTIONS = NO;
				ENABLE_STRICT_OBJC_MSGSEND = YES;
				GCC_C_LANGUAGE_STANDARD = gnu11;
				GCC_NO_COMMON_BLOCKS = YES;
				GCC_WARN_64_TO_32_BIT_CONVERSION = YES;
				GCC_WARN_ABOUT_RETURN_TYPE = YES_ERROR;
				GCC_WARN_UNDECLARED_SELECTOR = YES;
				GCC_WARN_UNINITIALIZED_AUTOS = YES_AGGRESSIVE;
				GCC_WARN_UNUSED_FUNCTION = YES;
				GCC_WARN_UNUSED_VARIABLE = YES;
				IPHONEOS_DEPLOYMENT_TARGET = 13.4;
				MTL_ENABLE_DEBUG_INFO = NO;
				MTL_FAST_MATH = YES;
				SDKROOT = iphoneos;
				SWIFT_COMPILATION_MODE = wholemodule;
				SWIFT_OPTIMIZATION_LEVEL = "-O";
				VALIDATE_PRODUCT = YES;
			};
			name = Release;
		};
		05F2F05024707AEE00FCC440 /* Debug */ = {
			isa = XCBuildConfiguration;
			buildSettings = {
				ASSETCATALOG_COMPILER_APPICON_NAME = AppIcon;
				CODE_SIGN_STYLE = Automatic;
				DEVELOPMENT_TEAM = JGX8KL9J9F;
				INFOPLIST_FILE = SwipeAction/Info.plist;
				LD_RUNPATH_SEARCH_PATHS = (
					"$(inherited)",
					"@executable_path/Frameworks",
				);
				PRODUCT_BUNDLE_IDENTIFIER = com.SwipeAction.SwipeAction;
				PRODUCT_NAME = "$(TARGET_NAME)";
				SWIFT_VERSION = 5.0;
				TARGETED_DEVICE_FAMILY = "1,2";
			};
			name = Debug;
		};
		05F2F05124707AEE00FCC440 /* Release */ = {
			isa = XCBuildConfiguration;
			buildSettings = {
				ASSETCATALOG_COMPILER_APPICON_NAME = AppIcon;
				CODE_SIGN_STYLE = Automatic;
				DEVELOPMENT_TEAM = JGX8KL9J9F;
				INFOPLIST_FILE = SwipeAction/Info.plist;
				LD_RUNPATH_SEARCH_PATHS = (
					"$(inherited)",
					"@executable_path/Frameworks",
				);
				PRODUCT_BUNDLE_IDENTIFIER = com.SwipeAction.SwipeAction;
				PRODUCT_NAME = "$(TARGET_NAME)";
				SWIFT_VERSION = 5.0;
				TARGETED_DEVICE_FAMILY = "1,2";
			};
			name = Release;
		};
		05F2F05324707AEE00FCC440 /* Debug */ = {
			isa = XCBuildConfiguration;
			buildSettings = {
				ALWAYS_EMBED_SWIFT_STANDARD_LIBRARIES = YES;
				BUNDLE_LOADER = "$(TEST_HOST)";
				CODE_SIGN_STYLE = Automatic;
				DEVELOPMENT_TEAM = JGX8KL9J9F;
				INFOPLIST_FILE = SwipeActionTests/Info.plist;
				IPHONEOS_DEPLOYMENT_TARGET = 13.4;
				LD_RUNPATH_SEARCH_PATHS = (
					"$(inherited)",
					"@executable_path/Frameworks",
					"@loader_path/Frameworks",
				);
				PRODUCT_BUNDLE_IDENTIFIER = com.SwipeAction.SwipeActionTests;
				PRODUCT_NAME = "$(TARGET_NAME)";
				SWIFT_VERSION = 5.0;
				TARGETED_DEVICE_FAMILY = "1,2";
				TEST_HOST = "$(BUILT_PRODUCTS_DIR)/SwipeAction.app/SwipeAction";
			};
			name = Debug;
		};
		05F2F05424707AEE00FCC440 /* Release */ = {
			isa = XCBuildConfiguration;
			buildSettings = {
				ALWAYS_EMBED_SWIFT_STANDARD_LIBRARIES = YES;
				BUNDLE_LOADER = "$(TEST_HOST)";
				CODE_SIGN_STYLE = Automatic;
				DEVELOPMENT_TEAM = JGX8KL9J9F;
				INFOPLIST_FILE = SwipeActionTests/Info.plist;
				IPHONEOS_DEPLOYMENT_TARGET = 13.4;
				LD_RUNPATH_SEARCH_PATHS = (
					"$(inherited)",
					"@executable_path/Frameworks",
					"@loader_path/Frameworks",
				);
				PRODUCT_BUNDLE_IDENTIFIER = com.SwipeAction.SwipeActionTests;
				PRODUCT_NAME = "$(TARGET_NAME)";
				SWIFT_VERSION = 5.0;
				TARGETED_DEVICE_FAMILY = "1,2";
				TEST_HOST = "$(BUILT_PRODUCTS_DIR)/SwipeAction.app/SwipeAction";
			};
			name = Release;
		};
		05F2F05624707AEE00FCC440 /* Debug */ = {
			isa = XCBuildConfiguration;
			buildSettings = {
				ALWAYS_EMBED_SWIFT_STANDARD_LIBRARIES = YES;
				CODE_SIGN_STYLE = Automatic;
				DEVELOPMENT_TEAM = JGX8KL9J9F;
				INFOPLIST_FILE = SwipeActionUITests/Info.plist;
				LD_RUNPATH_SEARCH_PATHS = (
					"$(inherited)",
					"@executable_path/Frameworks",
					"@loader_path/Frameworks",
				);
				PRODUCT_BUNDLE_IDENTIFIER = com.SwipeAction.SwipeActionUITests;
				PRODUCT_NAME = "$(TARGET_NAME)";
				SWIFT_VERSION = 5.0;
				TARGETED_DEVICE_FAMILY = "1,2";
				TEST_TARGET_NAME = SwipeAction;
			};
			name = Debug;
		};
		05F2F05724707AEE00FCC440 /* Release */ = {
			isa = XCBuildConfiguration;
			buildSettings = {
				ALWAYS_EMBED_SWIFT_STANDARD_LIBRARIES = YES;
				CODE_SIGN_STYLE = Automatic;
				DEVELOPMENT_TEAM = JGX8KL9J9F;
				INFOPLIST_FILE = SwipeActionUITests/Info.plist;
				LD_RUNPATH_SEARCH_PATHS = (
					"$(inherited)",
					"@executable_path/Frameworks",
					"@loader_path/Frameworks",
				);
				PRODUCT_BUNDLE_IDENTIFIER = com.SwipeAction.SwipeActionUITests;
				PRODUCT_NAME = "$(TARGET_NAME)";
				SWIFT_VERSION = 5.0;
				TARGETED_DEVICE_FAMILY = "1,2";
				TEST_TARGET_NAME = SwipeAction;
			};
			name = Release;
		};
/* End XCBuildConfiguration section */

/* Begin XCConfigurationList section */
		05F2F02024707AEA00FCC440 /* Build configuration list for PBXProject "SwipeAction" */ = {
			isa = XCConfigurationList;
			buildConfigurations = (
				05F2F04D24707AEE00FCC440 /* Debug */,
				05F2F04E24707AEE00FCC440 /* Release */,
			);
			defaultConfigurationIsVisible = 0;
			defaultConfigurationName = Release;
		};
		05F2F04F24707AEE00FCC440 /* Build configuration list for PBXNativeTarget "SwipeAction" */ = {
			isa = XCConfigurationList;
			buildConfigurations = (
				05F2F05024707AEE00FCC440 /* Debug */,
				05F2F05124707AEE00FCC440 /* Release */,
			);
			defaultConfigurationIsVisible = 0;
			defaultConfigurationName = Release;
		};
		05F2F05224707AEE00FCC440 /* Build configuration list for PBXNativeTarget "SwipeActionTests" */ = {
			isa = XCConfigurationList;
			buildConfigurations = (
				05F2F05324707AEE00FCC440 /* Debug */,
				05F2F05424707AEE00FCC440 /* Release */,
			);
			defaultConfigurationIsVisible = 0;
			defaultConfigurationName = Release;
		};
		05F2F05524707AEE00FCC440 /* Build configuration list for PBXNativeTarget "SwipeActionUITests" */ = {
			isa = XCConfigurationList;
			buildConfigurations = (
				05F2F05624707AEE00FCC440 /* Debug */,
				05F2F05724707AEE00FCC440 /* Release */,
			);
			defaultConfigurationIsVisible = 0;
			defaultConfigurationName = Release;
		};
/* End XCConfigurationList section */
	};
	rootObject = 05F2F01D24707AEA00FCC440 /* Project object */;
}
